
Microsoft Visual Studio Solution File, Format Version 12.00
# Visual Studio Version 17
VisualStudioVersion = 17.7.34024.191
MinimumVisualStudioVersion = 10.0.40219.1
Project("{FAE04EC0-301F-11D3-BF4B-00C04F79EFBC}") = "N09310018 GUI_Class", "N09310018 GUI_Class\N09310018 GUI_Class.csproj", "{39D71EDA-A8AF-487B-B7E9-9EF4A30BD9F0}"
EndProject
Global
	GlobalSection(SolutionConfigurationPlatforms) = preSolution
		Debug|Any CPU = Debug|Any CPU
		Release|Any CPU = Release|Any CPU
	EndGlobalSection
	GlobalSection(ProjectConfigurationPlatforms) = postSolution
		{39D71EDA-A8AF-487B-B7E9-9EF4A30BD9F0}.Debug|Any CPU.ActiveCfg = Debug|Any CPU
		{39D71EDA-A8AF-487B-B7E9-9EF4A30BD9F0}.Debug|Any CPU.Build.0 = Debug|Any CPU
		{39D71EDA-A8AF-487B-B7E9-9EF4A30BD9F0}.Release|Any CPU.ActiveCfg = Release|Any CPU
		{39D71EDA-A8AF-487B-B7E9-9EF4A30BD9F0}.Release|Any CPU.Build.0 = Release|Any CPU
	EndGlobalSection
	GlobalSection(SolutionProperties) = preSolution
		HideSolutionNode = FALSE
	EndGlobalSection
	GlobalSection(ExtensibilityGlobals) = postSolution
		SolutionGuid = {A88B6F59-7D10-42BE-B48D-15BF35F3921D}
	EndGlobalSection
EndGlobal
